
Microsoft Visual Studio Solution File, Format Version 12.00
# Visual Studio 14
VisualStudioVersion = 14.0.24720.0
MinimumVisualStudioVersion = 10.0.40219.1
Project("{2150E333-8FDC-42A3-9474-1A3956D46DE8}") = "Engine", "Engine", "{455554C3-B798-40AB-8C37-5CE5E825F09D}"
EndProject
Project("{2150E333-8FDC-42A3-9474-1A3956D46DE8}") = "Games", "Games", "{AFD84B80-44E5-48E0-9A63-282F24262263}"
EndProject
Project("{8BC9CEB8-8B4A-11D0-8D11-00A0C91BC942}") = "UE4", "Intermediate\ProjectFiles\UE4.vcxproj", "{CC7110AF-9C4F-4582-B2F7-C724DE8A1FC6}"
EndProject
Project("{8BC9CEB8-8B4A-11D0-8D11-00A0C91BC942}") = "TopDownShooter", "Intermediate\ProjectFiles\TopDownShooter.vcxproj", "{1BB6C54C-C2C4-4401-8EB7-D1D689CD6F49}"
EndProject
Global
	GlobalSection(SolutionConfigurationPlatforms) = preSolution
		DebugGame Editor|Win32 = DebugGame Editor|Win32
		DebugGame Editor|Win64 = DebugGame Editor|Win64
		DebugGame|Win32 = DebugGame|Win32
		DebugGame|Win64 = DebugGame|Win64
		Development Editor|Win32 = Development Editor|Win32
		Development Editor|Win64 = Development Editor|Win64
		Development|Win32 = Development|Win32
		Development|Win64 = Development|Win64
		Shipping|Win32 = Shipping|Win32
		Shipping|Win64 = Shipping|Win64
	EndGlobalSection
	GlobalSection(ProjectConfigurationPlatforms) = postSolution
		{CC7110AF-9C4F-4582-B2F7-C724DE8A1FC6}.DebugGame Editor|Win32.ActiveCfg = BuiltWithUnrealBuildTool|Win32
		{CC7110AF-9C4F-4582-B2F7-C724DE8A1FC6}.DebugGame Editor|Win32.Build.0 = BuiltWithUnrealBuildTool|Win32
		{CC7110AF-9C4F-4582-B2F7-C724DE8A1FC6}.DebugGame Editor|Win64.ActiveCfg = BuiltWithUnrealBuildTool|Win32
		{CC7110AF-9C4F-4582-B2F7-C724DE8A1FC6}.DebugGame Editor|Win64.Build.0 = BuiltWithUnrealBuildTool|Win32
		{CC7110AF-9C4F-4582-B2F7-C724DE8A1FC6}.DebugGame|Win32.ActiveCfg = BuiltWithUnrealBuildTool|Win32
		{CC7110AF-9C4F-4582-B2F7-C724DE8A1FC6}.DebugGame|Win32.Build.0 = BuiltWithUnrealBuildTool|Win32
		{CC7110AF-9C4F-4582-B2F7-C724DE8A1FC6}.DebugGame|Win64.ActiveCfg = BuiltWithUnrealBuildTool|Win32
		{CC7110AF-9C4F-4582-B2F7-C724DE8A1FC6}.DebugGame|Win64.Build.0 = BuiltWithUnrealBuildTool|Win32
		{CC7110AF-9C4F-4582-B2F7-C724DE8A1FC6}.Development Editor|Win32.ActiveCfg = BuiltWithUnrealBuildTool|Win32
		{CC7110AF-9C4F-4582-B2F7-C724DE8A1FC6}.Development Editor|Win32.Build.0 = BuiltWithUnrealBuildTool|Win32
		{CC7110AF-9C4F-4582-B2F7-C724DE8A1FC6}.Development Editor|Win64.ActiveCfg = BuiltWithUnrealBuildTool|Win32
		{CC7110AF-9C4F-4582-B2F7-C724DE8A1FC6}.Development Editor|Win64.Build.0 = BuiltWithUnrealBuildTool|Win32
		{CC7110AF-9C4F-4582-B2F7-C724DE8A1FC6}.Development|Win32.ActiveCfg = BuiltWithUnrealBuildTool|Win32
		{CC7110AF-9C4F-4582-B2F7-C724DE8A1FC6}.Development|Win32.Build.0 = BuiltWithUnrealBuildTool|Win32
		{CC7110AF-9C4F-4582-B2F7-C724DE8A1FC6}.Development|Win64.ActiveCfg = BuiltWithUnrealBuildTool|Win32
		{CC7110AF-9C4F-4582-B2F7-C724DE8A1FC6}.Development|Win64.Build.0 = BuiltWithUnrealBuildTool|Win32
		{CC7110AF-9C4F-4582-B2F7-C724DE8A1FC6}.Shipping|Win32.ActiveCfg = BuiltWithUnrealBuildTool|Win32
		{CC7110AF-9C4F-4582-B2F7-C724DE8A1FC6}.Shipping|Win32.Build.0 = BuiltWithUnrealBuildTool|Win32
		{CC7110AF-9C4F-4582-B2F7-C724DE8A1FC6}.Shipping|Win64.ActiveCfg = BuiltWithUnrealBuildTool|Win32
		{CC7110AF-9C4F-4582-B2F7-C724DE8A1FC6}.Shipping|Win64.Build.0 = BuiltWithUnrealBuildTool|Win32
		{1BB6C54C-C2C4-4401-8EB7-D1D689CD6F49}.DebugGame Editor|Win32.ActiveCfg = DebugGame_Editor|Win32
		{1BB6C54C-C2C4-4401-8EB7-D1D689CD6F49}.DebugGame Editor|Win64.ActiveCfg = DebugGame_Editor|x64
		{1BB6C54C-C2C4-4401-8EB7-D1D689CD6F49}.DebugGame Editor|Win64.Build.0 = DebugGame_Editor|x64
		{1BB6C54C-C2C4-4401-8EB7-D1D689CD6F49}.DebugGame|Win32.ActiveCfg = DebugGame_Game|Win32
		{1BB6C54C-C2C4-4401-8EB7-D1D689CD6F49}.DebugGame|Win32.Build.0 = DebugGame_Game|Win32
		{1BB6C54C-C2C4-4401-8EB7-D1D689CD6F49}.DebugGame|Win64.ActiveCfg = DebugGame_Game|x64
		{1BB6C54C-C2C4-4401-8EB7-D1D689CD6F49}.DebugGame|Win64.Build.0 = DebugGame_Game|x64
		{1BB6C54C-C2C4-4401-8EB7-D1D689CD6F49}.Development Editor|Win32.ActiveCfg = Development_Editor|Win32
		{1BB6C54C-C2C4-4401-8EB7-D1D689CD6F49}.Development Editor|Win64.ActiveCfg = Development_Editor|x64
		{1BB6C54C-C2C4-4401-8EB7-D1D689CD6F49}.Development Editor|Win64.Build.0 = Development_Editor|x64
		{1BB6C54C-C2C4-4401-8EB7-D1D689CD6F49}.Development|Win32.ActiveCfg = Development_Game|Win32
		{1BB6C54C-C2C4-4401-8EB7-D1D689CD6F49}.Development|Win32.Build.0 = Development_Game|Win32
		{1BB6C54C-C2C4-4401-8EB7-D1D689CD6F49}.Development|Win64.ActiveCfg = Development_Game|x64
		{1BB6C54C-C2C4-4401-8EB7-D1D689CD6F49}.Development|Win64.Build.0 = Development_Game|x64
		{1BB6C54C-C2C4-4401-8EB7-D1D689CD6F49}.Shipping|Win32.ActiveCfg = Shipping_Game|Win32
		{1BB6C54C-C2C4-4401-8EB7-D1D689CD6F49}.Shipping|Win32.Build.0 = Shipping_Game|Win32
		{1BB6C54C-C2C4-4401-8EB7-D1D689CD6F49}.Shipping|Win64.ActiveCfg = Shipping_Game|x64
		{1BB6C54C-C2C4-4401-8EB7-D1D689CD6F49}.Shipping|Win64.Build.0 = Shipping_Game|x64
	EndGlobalSection
	GlobalSection(SolutionProperties) = preSolution
		HideSolutionNode = FALSE
	EndGlobalSection
	GlobalSection(NestedProjects) = preSolution
		{CC7110AF-9C4F-4582-B2F7-C724DE8A1FC6} = {455554C3-B798-40AB-8C37-5CE5E825F09D}
		{1BB6C54C-C2C4-4401-8EB7-D1D689CD6F49} = {AFD84B80-44E5-48E0-9A63-282F24262263}
	EndGlobalSection
EndGlobal
